
Microsoft Visual Studio Solution File, Format Version 12.00
# Visual Studio Version 16
VisualStudioVersion = 25.0.1705.2
MinimumVisualStudioVersion = 10.0.40219.1
Project("{FAE04EC0-301F-11D3-BF4B-00C04F79EFBC}") = "ShoppingKart", "ShoppingKart\ShoppingKart.csproj", "{D77008BC-07D0-4118-A3F9-F998D183429D}"
EndProject
Global
	GlobalSection(SolutionConfigurationPlatforms) = preSolution
		Debug|Any CPU = Debug|Any CPU
		Release|Any CPU = Release|Any CPU
	EndGlobalSection
	GlobalSection(ProjectConfigurationPlatforms) = postSolution
		{D77008BC-07D0-4118-A3F9-F998D183429D}.Debug|Any CPU.ActiveCfg = Debug|Any CPU
		{D77008BC-07D0-4118-A3F9-F998D183429D}.Debug|Any CPU.Build.0 = Debug|Any CPU
		{D77008BC-07D0-4118-A3F9-F998D183429D}.Release|Any CPU.ActiveCfg = Release|Any CPU
		{D77008BC-07D0-4118-A3F9-F998D183429D}.Release|Any CPU.Build.0 = Release|Any CPU
	EndGlobalSection
	GlobalSection(SolutionProperties) = preSolution
		HideSolutionNode = FALSE
	EndGlobalSection
	GlobalSection(ExtensibilityGlobals) = postSolution
		SolutionGuid = {AAF2E76C-4965-4918-BB19-CD8B67F52BFB}
	EndGlobalSection
EndGlobal
